symfony 4259530856c6f58d18ac6082f62d3f27b049b62e
twig 661e9c7ad2820e881c93474f2fbcbe2661fd1970
monolog 66c1cc05a8e00fb5d4dbf540dba12b5727564d33
doctrine-common 1b9649a1aa40782471e7e407f37ea34f87f04949
doctrine-dbal b59ccaf3b24b93846f227253d44084094a3d8b61
doctrine 5299bd788f7afa8bee9a251f6efa99fb64742ffe
swiftmailer c53c8c1ab88c78c463ba65086d93d00193957e94
assetic a9b3165c41b1c91315ada4abfb0f1462fe29e3be
twig-extensions 6b0cc16934b6e62ef07c8d2e59f9f13ff3193d3d
metadata aa04872c6f0e2b32128b62dd075e8cf97a8d93da
SensioFrameworkExtraBundle d36c60b4b1f47081476742d4aae39d4a5c9f4272
JMSSecurityExtraBundle a7717ed531f64fac812634d7f5a5c6c9b825e14f
SensioDistributionBundle 868d8db9ca3ae41d5d6e74f3db708eb5970bc478
SensioGeneratorBundle 5d78a4b1398aaa11b2965dd6772abb1865977a32
AsseticBundle bf7ee477c1192cb8f7e27697be0b5cd263b9015d
FOSUserBundle baf17ffd759bc75509eb429400e94d84e1473fcc
doctrine-extensions 6b1f2c5f6713ed5e17e4e5dc3706038d7d345954
StofDoctrineExtensionsBundle a7a2b9492295ed2f109e32131dc67e62936bc834
WebProfilerExtraBundle 30bbe207f86351f4c234bdf51f363b1f09cf3294
DebuggingBundle f13a1b5d684b244830ac064a1e54b5e3769f5924